
Microsoft Visual Studio Solution File, Format Version 12.00
# Visual Studio Version 17
VisualStudioVersion = 17.1.32407.343
MinimumVisualStudioVersion = 10.0.40219.1
Project("{FAE04EC0-301F-11D3-BF4B-00C04F79EFBC}") = "Martin_Lab02", "Martin_Lab02\Martin_Lab02.csproj", "{3CB1F37E-64EF-44D9-877D-DB23BD3394CC}"
EndProject
Global
	GlobalSection(SolutionConfigurationPlatforms) = preSolution
		Debug|Any CPU = Debug|Any CPU
		Release|Any CPU = Release|Any CPU
	EndGlobalSection
	GlobalSection(ProjectConfigurationPlatforms) = postSolution
		{3CB1F37E-64EF-44D9-877D-DB23BD3394CC}.Debug|Any CPU.ActiveCfg = Debug|Any CPU
		{3CB1F37E-64EF-44D9-877D-DB23BD3394CC}.Debug|Any CPU.Build.0 = Debug|Any CPU
		{3CB1F37E-64EF-44D9-877D-DB23BD3394CC}.Release|Any CPU.ActiveCfg = Release|Any CPU
		{3CB1F37E-64EF-44D9-877D-DB23BD3394CC}.Release|Any CPU.Build.0 = Release|Any CPU
	EndGlobalSection
	GlobalSection(SolutionProperties) = preSolution
		HideSolutionNode = FALSE
	EndGlobalSection
	GlobalSection(ExtensibilityGlobals) = postSolution
		SolutionGuid = {070F7EB8-8608-4F9A-87FB-49190054D47E}
	EndGlobalSection
EndGlobal
